
Microsoft Visual Studio Solution File, Format Version 12.00
# Visual Studio 15
VisualStudioVersion = 15.0.28307.1022
MinimumVisualStudioVersion = 10.0.40219.1
Project("{FAE04EC0-301F-11D3-BF4B-00C04F79EFBC}") = "Курси, Масиви, завдання №2", "Курси, Масиви, завдання №2\Курси, Масиви, завдання №2.csproj", "{077C7F98-831A-4672-AAE0-F4608C822645}"
EndProject
Global
	GlobalSection(SolutionConfigurationPlatforms) = preSolution
		Debug|Any CPU = Debug|Any CPU
		Release|Any CPU = Release|Any CPU
	EndGlobalSection
	GlobalSection(ProjectConfigurationPlatforms) = postSolution
		{077C7F98-831A-4672-AAE0-F4608C822645}.Debug|Any CPU.ActiveCfg = Debug|Any CPU
		{077C7F98-831A-4672-AAE0-F4608C822645}.Debug|Any CPU.Build.0 = Debug|Any CPU
		{077C7F98-831A-4672-AAE0-F4608C822645}.Release|Any CPU.ActiveCfg = Release|Any CPU
		{077C7F98-831A-4672-AAE0-F4608C822645}.Release|Any CPU.Build.0 = Release|Any CPU
	EndGlobalSection
	GlobalSection(SolutionProperties) = preSolution
		HideSolutionNode = FALSE
	EndGlobalSection
	GlobalSection(ExtensibilityGlobals) = postSolution
		SolutionGuid = {8A404E63-BF65-484F-BC9F-72C45C2C6256}
	EndGlobalSection
EndGlobal
