
Microsoft Visual Studio Solution File, Format Version 12.00
# Visual Studio Version 16
VisualStudioVersion = 16.0.30907.101
MinimumVisualStudioVersion = 10.0.40219.1
Project("{9A19103F-16F7-4668-BE54-9A1E7A4F7556}") = "HomeWork_OOP_1_2", "HomeWork_OOP_1_2.csproj", "{BEB8B5AD-0F5B-4591-86BA-9D4743C4A266}"
EndProject
Project("{FAE04EC0-301F-11D3-BF4B-00C04F79EFBC}") = "UnitTest", "..\UnitTest\UnitTest.csproj", "{6BD6B527-32C8-4A0E-A335-D6D3132E074D}"
EndProject
Global
	GlobalSection(SolutionConfigurationPlatforms) = preSolution
		Debug|Any CPU = Debug|Any CPU
		Release|Any CPU = Release|Any CPU
	EndGlobalSection
	GlobalSection(ProjectConfigurationPlatforms) = postSolution
		{BEB8B5AD-0F5B-4591-86BA-9D4743C4A266}.Debug|Any CPU.ActiveCfg = Debug|Any CPU
		{BEB8B5AD-0F5B-4591-86BA-9D4743C4A266}.Debug|Any CPU.Build.0 = Debug|Any CPU
		{BEB8B5AD-0F5B-4591-86BA-9D4743C4A266}.Release|Any CPU.ActiveCfg = Release|Any CPU
		{BEB8B5AD-0F5B-4591-86BA-9D4743C4A266}.Release|Any CPU.Build.0 = Release|Any CPU
		{6BD6B527-32C8-4A0E-A335-D6D3132E074D}.Debug|Any CPU.ActiveCfg = Debug|Any CPU
		{6BD6B527-32C8-4A0E-A335-D6D3132E074D}.Debug|Any CPU.Build.0 = Debug|Any CPU
		{6BD6B527-32C8-4A0E-A335-D6D3132E074D}.Release|Any CPU.ActiveCfg = Release|Any CPU
		{6BD6B527-32C8-4A0E-A335-D6D3132E074D}.Release|Any CPU.Build.0 = Release|Any CPU
	EndGlobalSection
	GlobalSection(SolutionProperties) = preSolution
		HideSolutionNode = FALSE
	EndGlobalSection
	GlobalSection(ExtensibilityGlobals) = postSolution
		SolutionGuid = {EE0A5926-0E4C-4D3F-BCCC-F3ADFEBC4989}
	EndGlobalSection
EndGlobal
