
Microsoft Visual Studio Solution File, Format Version 12.00
# Visual Studio Version 16
VisualStudioVersion = 16.0.30523.141
MinimumVisualStudioVersion = 10.0.40219.1
Project("{FAE04EC0-301F-11D3-BF4B-00C04F79EFBC}") = "Kryvosheia_Arrays", "Kryvosheia_Arrays\Kryvosheia_Arrays.csproj", "{448CA582-BDFB-490B-8872-E363F01542C3}"
EndProject
Global
	GlobalSection(SolutionConfigurationPlatforms) = preSolution
		Debug|Any CPU = Debug|Any CPU
		Release|Any CPU = Release|Any CPU
	EndGlobalSection
	GlobalSection(ProjectConfigurationPlatforms) = postSolution
		{448CA582-BDFB-490B-8872-E363F01542C3}.Debug|Any CPU.ActiveCfg = Debug|Any CPU
		{448CA582-BDFB-490B-8872-E363F01542C3}.Debug|Any CPU.Build.0 = Debug|Any CPU
		{448CA582-BDFB-490B-8872-E363F01542C3}.Release|Any CPU.ActiveCfg = Release|Any CPU
		{448CA582-BDFB-490B-8872-E363F01542C3}.Release|Any CPU.Build.0 = Release|Any CPU
	EndGlobalSection
	GlobalSection(SolutionProperties) = preSolution
		HideSolutionNode = FALSE
	EndGlobalSection
	GlobalSection(ExtensibilityGlobals) = postSolution
		SolutionGuid = {8BCAE4C7-D76A-4F49-9605-113503B60F76}
	EndGlobalSection
EndGlobal
