
Microsoft Visual Studio Solution File, Format Version 12.00
# Visual Studio 15
VisualStudioVersion = 15.0.28307.1321
MinimumVisualStudioVersion = 10.0.40219.1
Project("{FAE04EC0-301F-11D3-BF4B-00C04F79EFBC}") = "HoumLabApp1", "HoumLabApp1\HoumLabApp1.csproj", "{2398CD14-AA21-4FA3-A34B-3DAB08113F8B}"
EndProject
Global
	GlobalSection(SolutionConfigurationPlatforms) = preSolution
		Debug|Any CPU = Debug|Any CPU
		Release|Any CPU = Release|Any CPU
	EndGlobalSection
	GlobalSection(ProjectConfigurationPlatforms) = postSolution
		{2398CD14-AA21-4FA3-A34B-3DAB08113F8B}.Debug|Any CPU.ActiveCfg = Debug|Any CPU
		{2398CD14-AA21-4FA3-A34B-3DAB08113F8B}.Debug|Any CPU.Build.0 = Debug|Any CPU
		{2398CD14-AA21-4FA3-A34B-3DAB08113F8B}.Release|Any CPU.ActiveCfg = Release|Any CPU
		{2398CD14-AA21-4FA3-A34B-3DAB08113F8B}.Release|Any CPU.Build.0 = Release|Any CPU
	EndGlobalSection
	GlobalSection(SolutionProperties) = preSolution
		HideSolutionNode = FALSE
	EndGlobalSection
	GlobalSection(ExtensibilityGlobals) = postSolution
		SolutionGuid = {E4083660-268E-4B72-A8DE-9D2B1FEE08C8}
	EndGlobalSection
EndGlobal
