
Microsoft Visual Studio Solution File, Format Version 12.00
# Visual Studio Version 16
VisualStudioVersion = 16.0.30907.101
MinimumVisualStudioVersion = 10.0.40219.1
Project("{FAE04EC0-301F-11D3-BF4B-00C04F79EFBC}") = "TestFramework.OpenCart", "TestFramework.OpenCart\TestFramework.OpenCart.csproj", "{E9E2FD16-D30B-404A-9146-5D0C5F641E0D}"
EndProject
Global
	GlobalSection(SolutionConfigurationPlatforms) = preSolution
		Debug|Any CPU = Debug|Any CPU
		Release|Any CPU = Release|Any CPU
	EndGlobalSection
	GlobalSection(ProjectConfigurationPlatforms) = postSolution
		{E9E2FD16-D30B-404A-9146-5D0C5F641E0D}.Debug|Any CPU.ActiveCfg = Debug|Any CPU
		{E9E2FD16-D30B-404A-9146-5D0C5F641E0D}.Debug|Any CPU.Build.0 = Debug|Any CPU
		{E9E2FD16-D30B-404A-9146-5D0C5F641E0D}.Release|Any CPU.ActiveCfg = Release|Any CPU
		{E9E2FD16-D30B-404A-9146-5D0C5F641E0D}.Release|Any CPU.Build.0 = Release|Any CPU
	EndGlobalSection
	GlobalSection(SolutionProperties) = preSolution
		HideSolutionNode = FALSE
	EndGlobalSection
	GlobalSection(ExtensibilityGlobals) = postSolution
		SolutionGuid = {D95EC2ED-83EF-4D42-87E8-991D49259E9E}
	EndGlobalSection
EndGlobal
