
Microsoft Visual Studio Solution File, Format Version 12.00
# Visual Studio Version 16
VisualStudioVersion = 16.0.30907.101
MinimumVisualStudioVersion = 10.0.40219.1
Project("{FAE04EC0-301F-11D3-BF4B-00C04F79EFBC}") = "HomeWork_OOP_1", "HomeWork_OOP_1.csproj", "{B8F360B6-4AE2-469B-B481-937494230039}"
EndProject
Global
	GlobalSection(SolutionConfigurationPlatforms) = preSolution
		Debug|Any CPU = Debug|Any CPU
		Release|Any CPU = Release|Any CPU
	EndGlobalSection
	GlobalSection(ProjectConfigurationPlatforms) = postSolution
		{B8F360B6-4AE2-469B-B481-937494230039}.Debug|Any CPU.ActiveCfg = Debug|Any CPU
		{B8F360B6-4AE2-469B-B481-937494230039}.Debug|Any CPU.Build.0 = Debug|Any CPU
		{B8F360B6-4AE2-469B-B481-937494230039}.Release|Any CPU.ActiveCfg = Release|Any CPU
		{B8F360B6-4AE2-469B-B481-937494230039}.Release|Any CPU.Build.0 = Release|Any CPU
	EndGlobalSection
	GlobalSection(SolutionProperties) = preSolution
		HideSolutionNode = FALSE
	EndGlobalSection
	GlobalSection(ExtensibilityGlobals) = postSolution
		SolutionGuid = {9A5F960E-D087-4197-91D4-6EFE9DDD150B}
	EndGlobalSection
EndGlobal
