
Microsoft Visual Studio Solution File, Format Version 12.00
# Visual Studio Version 16
VisualStudioVersion = 16.0.30907.101
MinimumVisualStudioVersion = 10.0.40219.1
Project("{FAE04EC0-301F-11D3-BF4B-00C04F79EFBC}") = "RestSharpAPI", "RestSharpAPI\RestSharpAPI.csproj", "{A6EA9CE3-6166-4356-A5EC-836DA88ED45E}"
EndProject
Global
	GlobalSection(SolutionConfigurationPlatforms) = preSolution
		Debug|Any CPU = Debug|Any CPU
		Release|Any CPU = Release|Any CPU
	EndGlobalSection
	GlobalSection(ProjectConfigurationPlatforms) = postSolution
		{A6EA9CE3-6166-4356-A5EC-836DA88ED45E}.Debug|Any CPU.ActiveCfg = Debug|Any CPU
		{A6EA9CE3-6166-4356-A5EC-836DA88ED45E}.Debug|Any CPU.Build.0 = Debug|Any CPU
		{A6EA9CE3-6166-4356-A5EC-836DA88ED45E}.Release|Any CPU.ActiveCfg = Release|Any CPU
		{A6EA9CE3-6166-4356-A5EC-836DA88ED45E}.Release|Any CPU.Build.0 = Release|Any CPU
	EndGlobalSection
	GlobalSection(SolutionProperties) = preSolution
		HideSolutionNode = FALSE
	EndGlobalSection
	GlobalSection(ExtensibilityGlobals) = postSolution
		SolutionGuid = {906A6D23-6BFB-49AD-B2A7-5BFCFA957231}
	EndGlobalSection
EndGlobal
