
Microsoft Visual Studio Solution File, Format Version 12.00
# Visual Studio Version 16
VisualStudioVersion = 16.0.29509.3
MinimumVisualStudioVersion = 10.0.40219.1
Project("{FAE04EC0-301F-11D3-BF4B-00C04F79EFBC}") = "UnitTestProject", "UnitTestProject\UnitTestProject.csproj", "{5E899129-0423-4318-98CB-44A66F607974}"
EndProject
Global
	GlobalSection(SolutionConfigurationPlatforms) = preSolution
		Debug|Any CPU = Debug|Any CPU
		Release|Any CPU = Release|Any CPU
	EndGlobalSection
	GlobalSection(ProjectConfigurationPlatforms) = postSolution
		{5E899129-0423-4318-98CB-44A66F607974}.Debug|Any CPU.ActiveCfg = Debug|Any CPU
		{5E899129-0423-4318-98CB-44A66F607974}.Debug|Any CPU.Build.0 = Debug|Any CPU
		{5E899129-0423-4318-98CB-44A66F607974}.Release|Any CPU.ActiveCfg = Release|Any CPU
		{5E899129-0423-4318-98CB-44A66F607974}.Release|Any CPU.Build.0 = Release|Any CPU
	EndGlobalSection
	GlobalSection(SolutionProperties) = preSolution
		HideSolutionNode = FALSE
	EndGlobalSection
	GlobalSection(ExtensibilityGlobals) = postSolution
		SolutionGuid = {E27B9998-C05D-42A7-9DB0-8C9BF62FB96F}
	EndGlobalSection
EndGlobal
