
Microsoft Visual Studio Solution File, Format Version 12.00
# Visual Studio Version 16
VisualStudioVersion = 16.0.31005.135
MinimumVisualStudioVersion = 10.0.40219.1
Project("{FAE04EC0-301F-11D3-BF4B-00C04F79EFBC}") = "Arithmetic_mean", "Arithmetic_mean\Arithmetic_mean.csproj", "{1EF33D7F-B859-4D82-935E-BC8286728871}"
EndProject
Global
	GlobalSection(SolutionConfigurationPlatforms) = preSolution
		Debug|Any CPU = Debug|Any CPU
		Release|Any CPU = Release|Any CPU
	EndGlobalSection
	GlobalSection(ProjectConfigurationPlatforms) = postSolution
		{1EF33D7F-B859-4D82-935E-BC8286728871}.Debug|Any CPU.ActiveCfg = Debug|Any CPU
		{1EF33D7F-B859-4D82-935E-BC8286728871}.Debug|Any CPU.Build.0 = Debug|Any CPU
		{1EF33D7F-B859-4D82-935E-BC8286728871}.Release|Any CPU.ActiveCfg = Release|Any CPU
		{1EF33D7F-B859-4D82-935E-BC8286728871}.Release|Any CPU.Build.0 = Release|Any CPU
	EndGlobalSection
	GlobalSection(SolutionProperties) = preSolution
		HideSolutionNode = FALSE
	EndGlobalSection
	GlobalSection(ExtensibilityGlobals) = postSolution
		SolutionGuid = {EAAC1543-8080-4F2B-B474-6D316739C8B0}
	EndGlobalSection
EndGlobal
