
Microsoft Visual Studio Solution File, Format Version 12.00
# Visual Studio 15
VisualStudioVersion = 15.0.28307.1321
MinimumVisualStudioVersion = 10.0.40219.1
Project("{FAE04EC0-301F-11D3-BF4B-00C04F79EFBC}") = "ConsoleAppOOP2", "ConsoleAppOOP2\ConsoleAppOOP2.csproj", "{459FA583-7ED9-4DEA-9444-3F70DBB63857}"
EndProject
Global
	GlobalSection(SolutionConfigurationPlatforms) = preSolution
		Debug|Any CPU = Debug|Any CPU
		Release|Any CPU = Release|Any CPU
	EndGlobalSection
	GlobalSection(ProjectConfigurationPlatforms) = postSolution
		{459FA583-7ED9-4DEA-9444-3F70DBB63857}.Debug|Any CPU.ActiveCfg = Debug|Any CPU
		{459FA583-7ED9-4DEA-9444-3F70DBB63857}.Debug|Any CPU.Build.0 = Debug|Any CPU
		{459FA583-7ED9-4DEA-9444-3F70DBB63857}.Release|Any CPU.ActiveCfg = Release|Any CPU
		{459FA583-7ED9-4DEA-9444-3F70DBB63857}.Release|Any CPU.Build.0 = Release|Any CPU
	EndGlobalSection
	GlobalSection(SolutionProperties) = preSolution
		HideSolutionNode = FALSE
	EndGlobalSection
	GlobalSection(ExtensibilityGlobals) = postSolution
		SolutionGuid = {17B626DD-D57C-420F-927B-6484FA2125D6}
	EndGlobalSection
EndGlobal
