
Microsoft Visual Studio Solution File, Format Version 12.00
# Visual Studio Version 16
VisualStudioVersion = 16.0.29509.3
MinimumVisualStudioVersion = 10.0.40219.1
Project("{FAE04EC0-301F-11D3-BF4B-00C04F79EFBC}") = "Animals", "Animals\Animals.csproj", "{70E02F25-B859-4C60-A9C4-83FC19F4092F}"
EndProject
Global
	GlobalSection(SolutionConfigurationPlatforms) = preSolution
		Debug|Any CPU = Debug|Any CPU
		Release|Any CPU = Release|Any CPU
	EndGlobalSection
	GlobalSection(ProjectConfigurationPlatforms) = postSolution
		{70E02F25-B859-4C60-A9C4-83FC19F4092F}.Debug|Any CPU.ActiveCfg = Debug|Any CPU
		{70E02F25-B859-4C60-A9C4-83FC19F4092F}.Debug|Any CPU.Build.0 = Debug|Any CPU
		{70E02F25-B859-4C60-A9C4-83FC19F4092F}.Release|Any CPU.ActiveCfg = Release|Any CPU
		{70E02F25-B859-4C60-A9C4-83FC19F4092F}.Release|Any CPU.Build.0 = Release|Any CPU
	EndGlobalSection
	GlobalSection(SolutionProperties) = preSolution
		HideSolutionNode = FALSE
	EndGlobalSection
	GlobalSection(ExtensibilityGlobals) = postSolution
		SolutionGuid = {61B8226D-A62B-468D-BAF6-0CD2F3FF6548}
	EndGlobalSection
EndGlobal
